
Microsoft Visual Studio Solution File, Format Version 12.00
# Visual Studio Version 17
VisualStudioVersion = 17.10.35027.167
MinimumVisualStudioVersion = 10.0.40219.1
Project("{FAE04EC0-301F-11D3-BF4B-00C04F79EFBC}") = "AlfaStoreCoreAPI", "AlfaStoreCoreAPI.csproj", "{5D8BAF48-C846-4A2C-B513-1E9816CA7AA9}"
EndProject
Project("{FAE04EC0-301F-11D3-BF4B-00C04F79EFBC}") = "DataAccessLayer", "..\DataAccessLayer\DataAccessLayer.csproj", "{FA7C8C70-C0B1-4524-B7F0-5624BA435FEF}"
EndProject
Global
	GlobalSection(SolutionConfigurationPlatforms) = preSolution
		Debug|Any CPU = Debug|Any CPU
		Release|Any CPU = Release|Any CPU
	EndGlobalSection
	GlobalSection(ProjectConfigurationPlatforms) = postSolution
		{5D8BAF48-C846-4A2C-B513-1E9816CA7AA9}.Debug|Any CPU.ActiveCfg = Debug|Any CPU
		{5D8BAF48-C846-4A2C-B513-1E9816CA7AA9}.Debug|Any CPU.Build.0 = Debug|Any CPU
		{5D8BAF48-C846-4A2C-B513-1E9816CA7AA9}.Release|Any CPU.ActiveCfg = Release|Any CPU
		{5D8BAF48-C846-4A2C-B513-1E9816CA7AA9}.Release|Any CPU.Build.0 = Release|Any CPU
		{FA7C8C70-C0B1-4524-B7F0-5624BA435FEF}.Debug|Any CPU.ActiveCfg = Debug|Any CPU
		{FA7C8C70-C0B1-4524-B7F0-5624BA435FEF}.Debug|Any CPU.Build.0 = Debug|Any CPU
		{FA7C8C70-C0B1-4524-B7F0-5624BA435FEF}.Release|Any CPU.ActiveCfg = Release|Any CPU
		{FA7C8C70-C0B1-4524-B7F0-5624BA435FEF}.Release|Any CPU.Build.0 = Release|Any CPU
	EndGlobalSection
	GlobalSection(SolutionProperties) = preSolution
		HideSolutionNode = FALSE
	EndGlobalSection
	GlobalSection(ExtensibilityGlobals) = postSolution
		SolutionGuid = {32291139-C05F-463C-88C7-B516D08A6EC5}
	EndGlobalSection
EndGlobal
